
Microsoft Visual Studio Solution File, Format Version 12.00
# Visual Studio Version 16
VisualStudioVersion = 16.0.31410.357
MinimumVisualStudioVersion = 10.0.40219.1
Project("{FAE04EC0-301F-11D3-BF4B-00C04F79EFBC}") = "TimeKeepingSystem", "TimeKeepingSystem\TimeKeepingSystem.csproj", "{77DD4376-EC5D-40EB-88C3-78425DC9683A}"
EndProject
Project("{FAE04EC0-301F-11D3-BF4B-00C04F79EFBC}") = "ClassLibrary1.BL", "ClassLibrary1\ClassLibrary1.BL.csproj", "{D6B94F29-3207-4E2C-B753-15585C1F011F}"
EndProject
Project("{FAE04EC0-301F-11D3-BF4B-00C04F79EFBC}") = "ClassLibrary2.DL", "ClassLibrary2.DL\ClassLibrary2.DL.csproj", "{72ABD498-397F-42D3-B94A-0F3C0402898F}"
EndProject
Global
	GlobalSection(SolutionConfigurationPlatforms) = preSolution
		Debug|Any CPU = Debug|Any CPU
		Release|Any CPU = Release|Any CPU
	EndGlobalSection
	GlobalSection(ProjectConfigurationPlatforms) = postSolution
		{77DD4376-EC5D-40EB-88C3-78425DC9683A}.Debug|Any CPU.ActiveCfg = Debug|Any CPU
		{77DD4376-EC5D-40EB-88C3-78425DC9683A}.Debug|Any CPU.Build.0 = Debug|Any CPU
		{77DD4376-EC5D-40EB-88C3-78425DC9683A}.Release|Any CPU.ActiveCfg = Release|Any CPU
		{77DD4376-EC5D-40EB-88C3-78425DC9683A}.Release|Any CPU.Build.0 = Release|Any CPU
		{D6B94F29-3207-4E2C-B753-15585C1F011F}.Debug|Any CPU.ActiveCfg = Debug|Any CPU
		{D6B94F29-3207-4E2C-B753-15585C1F011F}.Debug|Any CPU.Build.0 = Debug|Any CPU
		{D6B94F29-3207-4E2C-B753-15585C1F011F}.Release|Any CPU.ActiveCfg = Release|Any CPU
		{D6B94F29-3207-4E2C-B753-15585C1F011F}.Release|Any CPU.Build.0 = Release|Any CPU
		{72ABD498-397F-42D3-B94A-0F3C0402898F}.Debug|Any CPU.ActiveCfg = Debug|Any CPU
		{72ABD498-397F-42D3-B94A-0F3C0402898F}.Debug|Any CPU.Build.0 = Debug|Any CPU
		{72ABD498-397F-42D3-B94A-0F3C0402898F}.Release|Any CPU.ActiveCfg = Release|Any CPU
		{72ABD498-397F-42D3-B94A-0F3C0402898F}.Release|Any CPU.Build.0 = Release|Any CPU
	EndGlobalSection
	GlobalSection(SolutionProperties) = preSolution
		HideSolutionNode = FALSE
	EndGlobalSection
	GlobalSection(ExtensibilityGlobals) = postSolution
		SolutionGuid = {83256C9D-C244-4C29-9507-F35ACA3ED1E0}
	EndGlobalSection
EndGlobal
